{
  "git": {},
  "path": {
    "extractors": [
      {
        "name": "ZPM",
        "path": "./",
        "settings": {}
      },
      {
        "name": "ZPM",
        "path": "extractors/default",
        "settings": {}
      }
    ],
    "libraries": [
      {
        "name": "$ROOT",
        "path": "./",
        "settings": {}
      }
    ]
  }
}