{
  "named": {
    "libraries": [
      {
        "id": "libraries:GIT:Zefiros-Software/GoogleTest@master",
        "name": "Zefiros-Software/GoogleTest",
        "version": "master",
        "hash": "3bedb5a9fc36769691c057b9e9414472035463b4",
        "description": {
          "source": "https://github.com/google/googletest.git",
          "extract": {
            "includes": [
              "googletest/include/**/*.h",
              "googletest/src/**.cc",
              "googletest/src/**.h",
              "googlemock/include/**/*.h",
              "googlemock/src/**.cc",
              "googlemock/src/**.h"
            ]
          }
        },
        "settings": {},
        "usage": {
          "required": {
            "extractor": "extractor:PATH:ZPM:extractor/default",
            "builder": "builder:PATH:ZPM:builder/default"
          }
        }
      }
    ]
  },
  "path": {
    "builder": [
      {
        "id": "builder:PATH:ZPM:./",
        "name": "ZPM",
        "path": "./",
        "description": {},
        "settings": {},
        "usage": {}
      },
      {
        "id": "builder:PATH:ZPM:builder/default",
        "name": "ZPM",
        "path": "builder/default",
        "description": {},
        "settings": {},
        "usage": {}
      }
    ],
    "extractor": [
      {
        "id": "extractor:PATH:ZPM:./",
        "name": "ZPM",
        "path": "./",
        "description": {},
        "settings": {},
        "usage": {}
      },
      {
        "id": "extractor:PATH:ZPM:extractor/default",
        "name": "ZPM",
        "path": "extractor/default",
        "description": {
          "extractor": {
            "includes": [
              "**/src/**/*.h",
              "**/src/**/*.cpp",
              "**/src/**/*.cc",
              "**/src/**/*.cxx",
              "**/src/**/*.c",
              "**/src/**/*.s",
              "**/src/**/*.m",
              "**/src/**/*.mm",
              "**/include/**/*.h",
              "**/include/**/*.cpp",
              "**/include/**/*.cc",
              "**/include/**/*.cxx",
              "**/include/**/*.c",
              "**/include/**/*.s",
              "**/include/**/*.m",
              "**/include/**/*.mm"
            ],
            "excludes": [
              "**/test/**"
            ]
          }
        },
        "settings": {},
        "usage": {
          "settings": {
            "libraries:GIT:Zefiros-Software/GoogleTest@master": {
              "includes": [
                "googletest/include/**/*.h",
                "googletest/src/**.cc",
                "googletest/src/**.h",
                "googlemock/include/**/*.h",
                "googlemock/src/**.cc",
                "googlemock/src/**.h"
              ]
            }
          }
        }
      }
    ],
    "libraries": [
      {
        "id": "libraries:PATH:$ROOT:$ROOT",
        "name": "$ROOT",
        "path": "./",
        "description": {},
        "settings": {},
        "usage": {
          "required": {
            "builder": "builder:PATH:ZPM:builder/default",
            "extractor": "extractor:PATH:ZPM:extractor/default",
            "libraries": [
              "libraries:GIT:Zefiros-Software/GoogleTest@master"
            ]
          }
        }
      }
    ]
  }
}